
Microsoft Visual Studio Solution File, Format Version 12.00
Project("{FAE04EC0-301F-11D3-BF4B-00C04F79EFBC}") = "ipc_poc", "ipc_poc\ipc_poc.csproj", "{C6CDBFB6-985D-4056-989E-6093BDEFECEF}"
EndProject
Global
	GlobalSection(SolutionConfigurationPlatforms) = preSolution
		Debug|Any CPU = Debug|Any CPU
		Release|Any CPU = Release|Any CPU
	EndGlobalSection
	GlobalSection(ProjectConfigurationPlatforms) = postSolution
		{C6CDBFB6-985D-4056-989E-6093BDEFECEF}.Debug|Any CPU.ActiveCfg = Debug|Any CPU
		{C6CDBFB6-985D-4056-989E-6093BDEFECEF}.Debug|Any CPU.Build.0 = Debug|Any CPU
		{C6CDBFB6-985D-4056-989E-6093BDEFECEF}.Release|Any CPU.ActiveCfg = Release|Any CPU
		{C6CDBFB6-985D-4056-989E-6093BDEFECEF}.Release|Any CPU.Build.0 = Release|Any CPU
	EndGlobalSection
EndGlobal
